{
  "version": 2,
  "dependencies": {
    "net10.0": {
      "Dapper": {
        "type": "Direct",
        "requested": "[2.1.79, )",
        "resolved": "2.1.79",
        "contentHash": "8YijbzgTfmqmQOnVNorYM6K++pxqnW3nJ4aC1sRHzxUA2CcuoJ9gsTem3kgBnPRMc38zZHl4Esb6hAezXIEEuw=="
      },
      "Dapper.SqlBuilder": {
        "type": "Direct",
        "requested": "[2.1.66, )",
        "resolved": "2.1.66",
        "contentHash": "9IXuQtNy/+74NyTeiV1pug++zO0yDXn0UxnEjg8sfXn8wPou/hsRdlrMPkKdmqhp+fxd0qJA6Dd91plu1AHVBw==",
        "dependencies": {
          "Dapper": "2.1.66"
        }
      },
      "FluentValidation": {
        "type": "Direct",
        "requested": "[12.1.1, )",
        "resolved": "12.1.1",
        "contentHash": "EPpkIe1yh1a0OXyC100oOA8WMbZvqUu5plwhvYcb7oSELfyUZzfxV48BLhvs3kKo4NwG7MGLNgy1RJiYtT8Dpw=="
      },
      "FluentValidation.DependencyInjectionExtensions": {
        "type": "Direct",
        "requested": "[12.1.1, )",
        "resolved": "12.1.1",
        "contentHash": "D0VXh4dtjjX2aQizuaa0g6R8X3U1JaVqJPfGCvLwZX9t/O2h7tkpbitbadQMfwcgSPdDbI2vDxuwRMv/Uf9dHA==",
        "dependencies": {
          "FluentValidation": "12.1.1"
        }
      },
      "Mediator.Abstractions": {
        "type": "Direct",
        "requested": "[3.0.2, )",
        "resolved": "3.0.2",
        "contentHash": "TytjnyN8gLObZBxkM7HHPFJF3LHtk6Y8mHW56ONuXRuVEK6Fmed3f0z79H9TpmoZQP2zQAIS4/0O9R2w0v02qw=="
      },
      "Mediator.SourceGenerator": {
        "type": "Direct",
        "requested": "[3.0.2, )",
        "resolved": "3.0.2",
        "contentHash": "yGQzb8Or3nGsQJnVUQIQHr/04LeThd3qMZV0gvgMtXdgH35Rw2xJ2XyQ87v6HhNYOUZ2iirRjUWceebyNKMF7Q=="
      },
      "Meziantou.Analyzer": {
        "type": "Direct",
        "requested": "[3.0.112, )",
        "resolved": "3.0.112",
        "contentHash": "4JC9VDw4HrCxYgHxFjADIwTemRZTZEZEAYs6+4fkMLmX0YPzP1pNPaC1WaP9zlpqdLiKLSItVh6fgHvUsYNTdQ=="
      },
      "Microsoft.AspNetCore.OpenApi": {
        "type": "Direct",
        "requested": "[10.0.8, )",
        "resolved": "10.0.8",
        "contentHash": "cw24xHE2QaWwyEG9GQwFbjboyabub6Vd80DIItUGENzcQOa/BEnTrXsg2GADqWTmY/3ycqk9ToLGjgvF/VRlGA==",
        "dependencies": {
          "Microsoft.OpenApi": "2.0.0"
        }
      },
      "Microsoft.VisualStudio.Threading.Analyzers": {
        "type": "Direct",
        "requested": "[18.7.23, )",
        "resolved": "18.7.23",
        "contentHash": "dyj6z8m+LFjpeH69hdnciCcRCmD0YgMlvuQEywiEshjqj/blgQ+PuWX8Vd5gkWQFoBN4e+TFxx6DvGNSv/gIKg=="
      },
      "Npgsql": {
        "type": "Direct",
        "requested": "[10.0.2, )",
        "resolved": "10.0.2",
        "contentHash": "q5RfBI+wywJSFUNDE1L4ZbHEHCFTblo8Uf6A6oe4feOUFYiUQXyAf9GBh5qEZpvJaHiEbpBPkQumjEhXCJxdrg=="
      },
      "SonarAnalyzer.CSharp": {
        "type": "Direct",
        "requested": "[10.27.0.140913, )",
        "resolved": "10.27.0.140913",
        "contentHash": "cxk12QjN9io1SjN36B1QO+9dRf+ek2CGfQGsOWtHBojE35cKchKJod48raxZwe47jHhzmAUO4AJSh7+hF0GS4g=="
      },
      "Testcontainers.PostgreSql": {
        "type": "Direct",
        "requested": "[4.12.0, )",
        "resolved": "4.12.0",
        "contentHash": "LZcQu4vfcYuzzy2ENOb7giFb6WNztEEJbufsm7kGiQxjallVuzkWxrBL8LwnjlXGW939pgEZFstL5cO0R2XrBQ==",
        "dependencies": {
          "Testcontainers": "4.12.0"
        }
      },
      "BouncyCastle.Cryptography": {
        "type": "Transitive",
        "resolved": "2.6.2",
        "contentHash": "7oWOcvnntmMKNzDLsdxAYqApt+AjpRpP2CShjMfIa3umZ42UQMvH0tl1qAliYPNYO6vTdcGMqnRrCPmsfzTI1w=="
      },
      "Docker.DotNet.Enhanced": {
        "type": "Transitive",
        "resolved": "4.2.0",
        "contentHash": "tm2V/DpnaURbBhMQ7Z3orNR3u+H863KQuYfA/sgGjI5py07dEeV0I02f6pGrx2869KG9uNM/E96puf9i0gId2w==",
        "dependencies": {
          "Docker.DotNet.Enhanced.Handler.Abstractions": "4.2.0",
          "Docker.DotNet.Enhanced.LegacyHttp": "4.2.0",
          "Docker.DotNet.Enhanced.NPipe": "4.2.0",
          "Docker.DotNet.Enhanced.NativeHttp": "4.2.0",
          "Docker.DotNet.Enhanced.Unix": "4.2.0"
        }
      },
      "Docker.DotNet.Enhanced.Handler.Abstractions": {
        "type": "Transitive",
        "resolved": "4.2.0",
        "contentHash": "cQNxpdadEPdNdfjFCl9vgoCQIK3aVHRn1Qlu36aZUFpp4xHfPrk4hRPNVLR/CpobIFJ+dAt8AceTKMlCfPSccw=="
      },
      "Docker.DotNet.Enhanced.LegacyHttp": {
        "type": "Transitive",
        "resolved": "4.2.0",
        "contentHash": "sfbMX1HBPUec3PEMoqlP5ak6skXclcTBmu4gG3aUJatP34J2DgvYMP13bvz/rfrjVkAhPqnIiDKiHAkBCokajg==",
        "dependencies": {
          "Docker.DotNet.Enhanced.Handler.Abstractions": "4.2.0"
        }
      },
      "Docker.DotNet.Enhanced.NativeHttp": {
        "type": "Transitive",
        "resolved": "4.2.0",
        "contentHash": "/ll+2ePYm1qrsMdgMO5BzCQnbfTGmPJAc9SqXEManbliVBZvEpBKHXLugx/OeEca2oC/b4RV+UNPtue5u4jAuA==",
        "dependencies": {
          "Docker.DotNet.Enhanced.Handler.Abstractions": "4.2.0"
        }
      },
      "Docker.DotNet.Enhanced.NPipe": {
        "type": "Transitive",
        "resolved": "4.2.0",
        "contentHash": "8wyYOD6VkvqRkITwsvkt3UbW/1WDl6NFypNAsIIDaMiglNRzFrQcK0nK9VUEZa6Oja8Bso3UYySDoL8qatatAA==",
        "dependencies": {
          "Docker.DotNet.Enhanced.Handler.Abstractions": "4.2.0"
        }
      },
      "Docker.DotNet.Enhanced.Unix": {
        "type": "Transitive",
        "resolved": "4.2.0",
        "contentHash": "x0wNcbww1+p9nUfw8i+JvsSArBDGkoZ9GI2PZ1wPo85B2OiFrdzp89omounNhO2GKyaIRWAqAm5jYZyNg9EnxA==",
        "dependencies": {
          "Docker.DotNet.Enhanced.Handler.Abstractions": "4.2.0"
        }
      },
      "Docker.DotNet.Enhanced.X509": {
        "type": "Transitive",
        "resolved": "4.2.0",
        "contentHash": "nMw+FHGwGZieDi7kBgpIVl+E8MzjzXeXHvMQpidLADT06fts2Gw6G+K+p0hMGv7liZULxyYiZnQ1UbE2B9NNQg==",
        "dependencies": {
          "Docker.DotNet.Enhanced.Handler.Abstractions": "4.2.0"
        }
      },
      "Microsoft.OpenApi": {
        "type": "Transitive",
        "resolved": "2.0.0",
        "contentHash": "GGYLfzV/G/ct80OZ45JxnWP7NvMX1BCugn/lX7TH5o0lcVaviavsLMTxmFV2AybXWjbi3h6FF1vgZiTK6PXndw=="
      },
      "SharpZipLib": {
        "type": "Transitive",
        "resolved": "1.4.2",
        "contentHash": "yjj+3zgz8zgXpiiC3ZdF/iyTBbz2fFvMxZFEBPUcwZjIvXOf37Ylm+K58hqMfIBt5JgU/Z2uoUS67JmTLe973A=="
      },
      "SSH.NET": {
        "type": "Transitive",
        "resolved": "2025.1.0",
        "contentHash": "jrnbtf0ItVaXAe6jE8X/kSLa6uC+0C+7W1vepcnRQB/rD88qy4IxG7Lf1FIbWmkoc4iVXv0pKrz+Wc6J4ngmHw==",
        "dependencies": {
          "BouncyCastle.Cryptography": "2.6.2"
        }
      },
      "Testcontainers": {
        "type": "Transitive",
        "resolved": "4.12.0",
        "contentHash": "PTZRdG1ZVkFMsFbc3cK/VUaOB5L3l4wYL+OkWAK33/cvgd/5FcmZlQ6NhMAl3PWBqYkpdWmeYmQW9U2OIXqtFA==",
        "dependencies": {
          "Docker.DotNet.Enhanced": "4.2.0",
          "Docker.DotNet.Enhanced.X509": "4.2.0",
          "SSH.NET": "2025.1.0",
          "SharpZipLib": "1.4.2"
        }
      },
      "claudemem.admin.api.contracts": {
        "type": "Project"
      }
    }
  }
}