<Solution>
  <Folder Name="/solution/">
    <File Path=".editorconfig" />
    <File Path="ClaudeMem.Admin.slnLaunch" />
    <File Path="Directory.Build.props" />
    <File Path="Directory.Packages.props" />
    <File Path="NuGet.Config" />
  </Folder>
  <Folder Name="/src/">
    <Project Path="src/ClaudeMem.Admin.Api.Contracts.Generator/ClaudeMem.Admin.Api.Contracts.Generator.csproj" />
    <Project Path="src/ClaudeMem.Admin.Api.Contracts/ClaudeMem.Admin.Api.Contracts.csproj" Id="5172ba02-3719-4531-a162-d7b2b9ab041c" />
    <Project Path="src/ClaudeMem.Admin.Api/ClaudeMem.Admin.Api.csproj" />
    <Project Path="src/ClaudeMem.Admin.Ui/ClaudeMem.Admin.Ui.csproj" />
  </Folder>
  <Folder Name="/src/ODataFilter/">
    <Project Path="src/ODataFilter.Core/ODataFilter.Core.csproj" />
    <Project Path="src/ODataFilter.EfCore/ODataFilter.EfCore.csproj" />
    <Project Path="src/ODataFilter.MudBlazor/ODataFilter.MudBlazor.csproj" />
  </Folder>
  <Folder Name="/tests/">
    <Project Path="tests/ClaudeMem.Admin.Api.Tests/ClaudeMem.Admin.Api.Tests.csproj" />
    <Project Path="tests/ClaudeMem.Admin.Ui.Tests/ClaudeMem.Admin.Ui.Tests.csproj" />
    <Project Path="tests/ODataFilter.Core.Tests/ODataFilter.Core.Tests.csproj" />
    <Project Path="tests/ODataFilter.EfCore.Tests/ODataFilter.EfCore.Tests.csproj" />
    <Project Path="tests/ODataFilter.MudBlazor.Tests/ODataFilter.MudBlazor.Tests.csproj" />
  </Folder>
</Solution>
