{
  "version": 2,
  "dependencies": {
    "net10.0": {
      "Meziantou.Analyzer": {
        "type": "Direct",
        "requested": "[3.0.117, )",
        "resolved": "3.0.117",
        "contentHash": "22L/6jjjhTwOpGqN+3A4EMCWc8Kc0dAd49zINAlxjLYDxERnD1qPKDkE9Z6cZPjiOs32J9nsieyya1FO+kXHCw=="
      },
      "Microsoft.VisualStudio.Threading.Analyzers": {
        "type": "Direct",
        "requested": "[18.7.23, )",
        "resolved": "18.7.23",
        "contentHash": "dyj6z8m+LFjpeH69hdnciCcRCmD0YgMlvuQEywiEshjqj/blgQ+PuWX8Vd5gkWQFoBN4e+TFxx6DvGNSv/gIKg=="
      },
      "NJsonSchema.CodeGeneration.CSharp": {
        "type": "Direct",
        "requested": "[11.6.1, )",
        "resolved": "11.6.1",
        "contentHash": "H/cZe2StPdKCnjETVQqAKNCNwOsHLxKvAHio8dDMUA3VbDeddgxf+inPI04i4dt5gm6DXv5Tt9s2j2AQJnbLjA==",
        "dependencies": {
          "NJsonSchema.CodeGeneration": "11.6.1"
        }
      },
      "NSwag.CodeGeneration.CSharp": {
        "type": "Direct",
        "requested": "[14.7.1, )",
        "resolved": "14.7.1",
        "contentHash": "wAaTTrvbh3FDRtPR1lFpFsj2pra/BBIrqENVjSkup9lr2KrHGuqlf9zSFCoUKyKGAHFn89D5bBj3QpMKvMUCJw==",
        "dependencies": {
          "NJsonSchema": "11.6.1",
          "NJsonSchema.CodeGeneration": "11.6.1",
          "NJsonSchema.CodeGeneration.CSharp": "11.6.1",
          "NSwag.CodeGeneration": "14.7.1",
          "Namotion.Reflection": "3.5.0",
          "Newtonsoft.Json": "13.0.3"
        }
      },
      "NSwag.Core.Yaml": {
        "type": "Direct",
        "requested": "[14.7.1, )",
        "resolved": "14.7.1",
        "contentHash": "C6nkmDBI/Ps54kilnIgq3S9KQnj4IWvncD4xyYolukueqNSTH8gLgPleff0XAgVWZEvFSIKKSTD4q6rxrpkp2w==",
        "dependencies": {
          "NJsonSchema": "11.6.1",
          "NJsonSchema.Yaml": "11.6.1",
          "NSwag.Core": "14.7.1",
          "Namotion.Reflection": "3.5.0",
          "Newtonsoft.Json": "13.0.3"
        }
      },
      "SonarAnalyzer.CSharp": {
        "type": "Direct",
        "requested": "[10.27.0.140913, )",
        "resolved": "10.27.0.140913",
        "contentHash": "cxk12QjN9io1SjN36B1QO+9dRf+ek2CGfQGsOWtHBojE35cKchKJod48raxZwe47jHhzmAUO4AJSh7+hF0GS4g=="
      },
      "System.CodeDom": {
        "type": "Direct",
        "requested": "[10.0.9, )",
        "resolved": "10.0.9",
        "contentHash": "scH7O8oAuOMyZKOEiOQB3ZVz6x9XkrZNKNeWVCxdvkJHSy4SYXyinGK0o2Rn5LiGh+ovezziT2WCdqWKa7WMKA=="
      },
      "Fluid.Core": {
        "type": "Transitive",
        "resolved": "2.30.0",
        "contentHash": "3G7N1gzSl7RBRAaSU4vSKWT9OjybTqiW2+SLOVFpngAFtyqNnVqu4nZvsh8cMHcTlFQSbjTSOCdKgbSBdE9Fsg==",
        "dependencies": {
          "Microsoft.Extensions.FileProviders.Abstractions": "9.0.0",
          "Parlot": "1.4.0",
          "TimeZoneConverter": "7.0.0"
        }
      },
      "Microsoft.Extensions.FileProviders.Abstractions": {
        "type": "Transitive",
        "resolved": "9.0.0",
        "contentHash": "uK439QzYR0q2emLVtYzwyK3x+T5bTY4yWsd/k/ZUS9LR6Sflp8MIdhGXW8kQCd86dQD4tLqvcbLkku8qHY263Q==",
        "dependencies": {
          "Microsoft.Extensions.Primitives": "9.0.0"
        }
      },
      "Microsoft.Extensions.Primitives": {
        "type": "Transitive",
        "resolved": "9.0.0",
        "contentHash": "N3qEBzmLMYiASUlKxxFIISP4AiwuPTHF5uCh+2CWSwwzAJiIYx0kBJsS30cp1nvhSySFAVi30jecD307jV+8Kg=="
      },
      "Namotion.Reflection": {
        "type": "Transitive",
        "resolved": "3.5.0",
        "contentHash": "FnASiAaTGSmB4SaSroIwnK4ph9noFIXZpPOMezDqWw5S/TNakzSnawPeM7u0Auq1/EqJXeqG4s6UjfrGBH33Ow=="
      },
      "Newtonsoft.Json": {
        "type": "Transitive",
        "resolved": "13.0.3",
        "contentHash": "HrC5BXdl00IP9zeV+0Z848QWPAoCr9P3bDEZguI+gkLcBKAOxix/tLEAAHC+UvDNPv4a2d18lOReHMOagPa+zQ=="
      },
      "NJsonSchema": {
        "type": "Transitive",
        "resolved": "11.6.1",
        "contentHash": "miqvNY4OSXCWVqaMqt0A8VUkij0UH1oPosHMLP+t6/nWNSSzWDPmm7G2DjVW7M9evy0x5DE2pS/DDTtKCpbzSQ==",
        "dependencies": {
          "NJsonSchema.Annotations": "11.6.1",
          "Namotion.Reflection": "3.5.0",
          "Newtonsoft.Json": "13.0.3"
        }
      },
      "NJsonSchema.Annotations": {
        "type": "Transitive",
        "resolved": "11.6.1",
        "contentHash": "WA4z8iK+0SOh2/qoo7rtEanj/LjJZ8oWWoXI8u1xcYMk6VzHONqpabJBYGrzqDO41ld+VQHOFL+B8MXncIVSSA=="
      },
      "NJsonSchema.CodeGeneration": {
        "type": "Transitive",
        "resolved": "11.6.1",
        "contentHash": "bRuYinpO1pYuxU0qolTm4wN4OHlB5AevGN97wJ7a+YAp/3i2UFZ9Qwvw1m4R4w6G8DfXc3Bquf5N9gpDQxZheA==",
        "dependencies": {
          "Fluid.Core": "2.30.0",
          "NJsonSchema": "11.6.1"
        }
      },
      "NJsonSchema.Yaml": {
        "type": "Transitive",
        "resolved": "11.6.1",
        "contentHash": "3jH3tupVurenoO+bnp9BWR5G46caNqXSWSMGuwb403F7a9vkO13LycuyjD9ohpZHI9crFY8EUWco+pL7eTUxdg==",
        "dependencies": {
          "NJsonSchema": "11.6.1",
          "YamlDotNet": "16.3.0"
        }
      },
      "NSwag.CodeGeneration": {
        "type": "Transitive",
        "resolved": "14.7.1",
        "contentHash": "jWcTfJ03EiEHZ1rYbCAZqYoBMGVJ6X23ovQsfqom5aAHpHUVVQ7QvVUGJkiJxiHHFkp9ScNzBEIsEVLu9eDRqQ==",
        "dependencies": {
          "NJsonSchema": "11.6.1",
          "NJsonSchema.CodeGeneration": "11.6.1",
          "NSwag.Core": "14.7.1",
          "Namotion.Reflection": "3.5.0",
          "Newtonsoft.Json": "13.0.3"
        }
      },
      "NSwag.Core": {
        "type": "Transitive",
        "resolved": "14.7.1",
        "contentHash": "iwwAeMZ3kugAKCokuOdHzKK/OHdp19vUP/B32CJO10HHzVgC+O4M7HXtHuDf9tloC3OEJ2wkUV4/cYrX4Mr98g==",
        "dependencies": {
          "NJsonSchema": "11.6.1",
          "Namotion.Reflection": "3.5.0",
          "Newtonsoft.Json": "13.0.3"
        }
      },
      "Parlot": {
        "type": "Transitive",
        "resolved": "1.4.0",
        "contentHash": "oMftmeCsDPXbBgYQsVG4yuedvTVwSkZZHkKH1F4CpBkS9O99GrAV2sA8t7cC5CoVFPprmAFZThJMXjwu3ybgNg=="
      },
      "TimeZoneConverter": {
        "type": "Transitive",
        "resolved": "7.0.0",
        "contentHash": "sFbY65N/5GdsHx7nkdHFHUG+5Ar4W0w6Aks7Y2X+Q4NOTw6XyX2Il7jm+4tPkc//4mA3nG0RdxI8gKgoJitdLw=="
      },
      "YamlDotNet": {
        "type": "Transitive",
        "resolved": "16.3.0",
        "contentHash": "SgMOdxbz8X65z8hraIs6hOEdnkH6hESTAIUa7viEngHOYaH+6q5XJmwr1+yb9vJpNQ19hCQY69xbFsLtXpobQA=="
      }
    }
  }
}